
Microsoft Visual Studio Solution File, Format Version 12.00
# Visual Studio Version 16
VisualStudioVersion = 16.0.33423.256
MinimumVisualStudioVersion = 10.0.40219.1
Project("{8BC9CEB8-8B4A-11D0-8D11-00A0C91BC942}") = "HelloWorld", "HelloWorld\HelloWorld.vcxproj", "{6F799688-10FF-4E85-8036-4F8F749E6ECE}"
EndProject
Project("{8BC9CEB8-8B4A-11D0-8D11-00A0C91BC942}") = "01_week", "01_week\01_week.vcxproj", "{C1F3C392-4EFC-45F0-9FE9-FC026EBB4F0E}"
EndProject
Project("{8BC9CEB8-8B4A-11D0-8D11-00A0C91BC942}") = "1_3_Payroll", "1_3_Payroll\1_3_Payroll.vcxproj", "{A843E459-A525-4934-A903-FD3F74A519A1}"
EndProject
Project("{8BC9CEB8-8B4A-11D0-8D11-00A0C91BC942}") = "2_1_DataTypes", "2_1_DataTypes\2_1_DataTypes.vcxproj", "{A6DDEFCE-242B-43F9-AAD0-8D969A6048F7}"
EndProject
Project("{8BC9CEB8-8B4A-11D0-8D11-00A0C91BC942}") = "3_0_LinkedInL", "3_0_LinkedInL\3_0_LinkedInL.vcxproj", "{2F34E49C-6624-4932-BA87-064C024E1FF6}"
EndProject
Project("{8BC9CEB8-8B4A-11D0-8D11-00A0C91BC942}") = "3_2_MemoryReview", "3_2_MemoryReview\3_2_MemoryReview.vcxproj", "{D511BF0C-2185-4C31-B50E-9BF3CDD738DF}"
EndProject
Project("{8BC9CEB8-8B4A-11D0-8D11-00A0C91BC942}") = "03_week", "03_week\03_week.vcxproj", "{82D569C2-1648-4EB2-8782-C06054207F58}"
EndProject
Project("{8BC9CEB8-8B4A-11D0-8D11-00A0C91BC942}") = "04_week", "04_week\04_week.vcxproj", "{0CB6C8B1-5863-4E3B-B54A-9B29BB102A6D}"
EndProject
Global
	GlobalSection(SolutionConfigurationPlatforms) = preSolution
		Debug|x64 = Debug|x64
		Debug|x86 = Debug|x86
		Release|x64 = Release|x64
		Release|x86 = Release|x86
	EndGlobalSection
	GlobalSection(ProjectConfigurationPlatforms) = postSolution
		{6F799688-10FF-4E85-8036-4F8F749E6ECE}.Debug|x64.ActiveCfg = Debug|x64
		{6F799688-10FF-4E85-8036-4F8F749E6ECE}.Debug|x64.Build.0 = Debug|x64
		{6F799688-10FF-4E85-8036-4F8F749E6ECE}.Debug|x86.ActiveCfg = Debug|Win32
		{6F799688-10FF-4E85-8036-4F8F749E6ECE}.Debug|x86.Build.0 = Debug|Win32
		{6F799688-10FF-4E85-8036-4F8F749E6ECE}.Release|x64.ActiveCfg = Release|x64
		{6F799688-10FF-4E85-8036-4F8F749E6ECE}.Release|x64.Build.0 = Release|x64
		{6F799688-10FF-4E85-8036-4F8F749E6ECE}.Release|x86.ActiveCfg = Release|Win32
		{6F799688-10FF-4E85-8036-4F8F749E6ECE}.Release|x86.Build.0 = Release|Win32
		{C1F3C392-4EFC-45F0-9FE9-FC026EBB4F0E}.Debug|x64.ActiveCfg = Debug|x64
		{C1F3C392-4EFC-45F0-9FE9-FC026EBB4F0E}.Debug|x64.Build.0 = Debug|x64
		{C1F3C392-4EFC-45F0-9FE9-FC026EBB4F0E}.Debug|x86.ActiveCfg = Debug|Win32
		{C1F3C392-4EFC-45F0-9FE9-FC026EBB4F0E}.Debug|x86.Build.0 = Debug|Win32
		{C1F3C392-4EFC-45F0-9FE9-FC026EBB4F0E}.Release|x64.ActiveCfg = Release|x64
		{C1F3C392-4EFC-45F0-9FE9-FC026EBB4F0E}.Release|x64.Build.0 = Release|x64
		{C1F3C392-4EFC-45F0-9FE9-FC026EBB4F0E}.Release|x86.ActiveCfg = Release|Win32
		{C1F3C392-4EFC-45F0-9FE9-FC026EBB4F0E}.Release|x86.Build.0 = Release|Win32
		{A843E459-A525-4934-A903-FD3F74A519A1}.Debug|x64.ActiveCfg = Debug|x64
		{A843E459-A525-4934-A903-FD3F74A519A1}.Debug|x64.Build.0 = Debug|x64
		{A843E459-A525-4934-A903-FD3F74A519A1}.Debug|x86.ActiveCfg = Debug|Win32
		{A843E459-A525-4934-A903-FD3F74A519A1}.Debug|x86.Build.0 = Debug|Win32
		{A843E459-A525-4934-A903-FD3F74A519A1}.Release|x64.ActiveCfg = Release|x64
		{A843E459-A525-4934-A903-FD3F74A519A1}.Release|x64.Build.0 = Release|x64
		{A843E459-A525-4934-A903-FD3F74A519A1}.Release|x86.ActiveCfg = Release|Win32
		{A843E459-A525-4934-A903-FD3F74A519A1}.Release|x86.Build.0 = Release|Win32
		{A6DDEFCE-242B-43F9-AAD0-8D969A6048F7}.Debug|x64.ActiveCfg = Debug|x64
		{A6DDEFCE-242B-43F9-AAD0-8D969A6048F7}.Debug|x64.Build.0 = Debug|x64
		{A6DDEFCE-242B-43F9-AAD0-8D969A6048F7}.Debug|x86.ActiveCfg = Debug|Win32
		{A6DDEFCE-242B-43F9-AAD0-8D969A6048F7}.Debug|x86.Build.0 = Debug|Win32
		{A6DDEFCE-242B-43F9-AAD0-8D969A6048F7}.Release|x64.ActiveCfg = Release|x64
		{A6DDEFCE-242B-43F9-AAD0-8D969A6048F7}.Release|x64.Build.0 = Release|x64
		{A6DDEFCE-242B-43F9-AAD0-8D969A6048F7}.Release|x86.ActiveCfg = Release|Win32
		{A6DDEFCE-242B-43F9-AAD0-8D969A6048F7}.Release|x86.Build.0 = Release|Win32
		{2F34E49C-6624-4932-BA87-064C024E1FF6}.Debug|x64.ActiveCfg = Debug|x64
		{2F34E49C-6624-4932-BA87-064C024E1FF6}.Debug|x64.Build.0 = Debug|x64
		{2F34E49C-6624-4932-BA87-064C024E1FF6}.Debug|x86.ActiveCfg = Debug|Win32
		{2F34E49C-6624-4932-BA87-064C024E1FF6}.Debug|x86.Build.0 = Debug|Win32
		{2F34E49C-6624-4932-BA87-064C024E1FF6}.Release|x64.ActiveCfg = Release|x64
		{2F34E49C-6624-4932-BA87-064C024E1FF6}.Release|x64.Build.0 = Release|x64
		{2F34E49C-6624-4932-BA87-064C024E1FF6}.Release|x86.ActiveCfg = Release|Win32
		{2F34E49C-6624-4932-BA87-064C024E1FF6}.Release|x86.Build.0 = Release|Win32
		{D511BF0C-2185-4C31-B50E-9BF3CDD738DF}.Debug|x64.ActiveCfg = Debug|x64
		{D511BF0C-2185-4C31-B50E-9BF3CDD738DF}.Debug|x64.Build.0 = Debug|x64
		{D511BF0C-2185-4C31-B50E-9BF3CDD738DF}.Debug|x86.ActiveCfg = Debug|Win32
		{D511BF0C-2185-4C31-B50E-9BF3CDD738DF}.Debug|x86.Build.0 = Debug|Win32
		{D511BF0C-2185-4C31-B50E-9BF3CDD738DF}.Release|x64.ActiveCfg = Release|x64
		{D511BF0C-2185-4C31-B50E-9BF3CDD738DF}.Release|x64.Build.0 = Release|x64
		{D511BF0C-2185-4C31-B50E-9BF3CDD738DF}.Release|x86.ActiveCfg = Release|Win32
		{D511BF0C-2185-4C31-B50E-9BF3CDD738DF}.Release|x86.Build.0 = Release|Win32
		{82D569C2-1648-4EB2-8782-C06054207F58}.Debug|x64.ActiveCfg = Debug|x64
		{82D569C2-1648-4EB2-8782-C06054207F58}.Debug|x64.Build.0 = Debug|x64
		{82D569C2-1648-4EB2-8782-C06054207F58}.Debug|x86.ActiveCfg = Debug|Win32
		{82D569C2-1648-4EB2-8782-C06054207F58}.Debug|x86.Build.0 = Debug|Win32
		{82D569C2-1648-4EB2-8782-C06054207F58}.Release|x64.ActiveCfg = Release|x64
		{82D569C2-1648-4EB2-8782-C06054207F58}.Release|x64.Build.0 = Release|x64
		{82D569C2-1648-4EB2-8782-C06054207F58}.Release|x86.ActiveCfg = Release|Win32
		{82D569C2-1648-4EB2-8782-C06054207F58}.Release|x86.Build.0 = Release|Win32
		{0CB6C8B1-5863-4E3B-B54A-9B29BB102A6D}.Debug|x64.ActiveCfg = Debug|x64
		{0CB6C8B1-5863-4E3B-B54A-9B29BB102A6D}.Debug|x64.Build.0 = Debug|x64
		{0CB6C8B1-5863-4E3B-B54A-9B29BB102A6D}.Debug|x86.ActiveCfg = Debug|Win32
		{0CB6C8B1-5863-4E3B-B54A-9B29BB102A6D}.Debug|x86.Build.0 = Debug|Win32
		{0CB6C8B1-5863-4E3B-B54A-9B29BB102A6D}.Release|x64.ActiveCfg = Release|x64
		{0CB6C8B1-5863-4E3B-B54A-9B29BB102A6D}.Release|x64.Build.0 = Release|x64
		{0CB6C8B1-5863-4E3B-B54A-9B29BB102A6D}.Release|x86.ActiveCfg = Release|Win32
		{0CB6C8B1-5863-4E3B-B54A-9B29BB102A6D}.Release|x86.Build.0 = Release|Win32
	EndGlobalSection
	GlobalSection(SolutionProperties) = preSolution
		HideSolutionNode = FALSE
	EndGlobalSection
	GlobalSection(ExtensibilityGlobals) = postSolution
		SolutionGuid = {15DD2370-1C5F-4880-AE77-B6FFC7587C4B}
	EndGlobalSection
EndGlobal
